
Microsoft Visual Studio Solution File, Format Version 12.00
# Visual Studio 2013
VisualStudioVersion = 12.0.21005.1
MinimumVisualStudioVersion = 10.0.40219.1
Project("{FAE04EC0-301F-11D3-BF4B-00C04F79EFBC}") = "FMS.Website", "FMS.Website\FMS.Website.csproj", "{7CC14034-D745-4752-B466-9A3E16632FF7}"
EndProject
Project("{FAE04EC0-301F-11D3-BF4B-00C04F79EFBC}") = "FMS.Website.Tests", "FMS.Website.Tests\FMS.Website.Tests.csproj", "{4D0F7C5A-558C-4689-B663-CCC0E9798C33}"
EndProject
Project("{FAE04EC0-301F-11D3-BF4B-00C04F79EFBC}") = "FMS.DAL", "FMS.DAL\FMS.DAL.csproj", "{C939E89D-B5A2-4B80-8F9F-CCEF761E26D4}"
EndProject
Project("{FAE04EC0-301F-11D3-BF4B-00C04F79EFBC}") = "FMS.BusinessObject", "FMS.BusinessObject\FMS.BusinessObject.csproj", "{AF94BBA5-4257-4647-B77D-A7B54F2C4B7A}"
EndProject
Project("{FAE04EC0-301F-11D3-BF4B-00C04F79EFBC}") = "FMS.Contract", "FMS.Contract\FMS.Contract.csproj", "{214B9099-0AF6-41EF-B03E-315D6561CA1E}"
EndProject
Project("{2150E333-8FDC-42A3-9474-1A3956D46DE8}") = "FMS.BLL", "FMS.BLL", "{6C43255B-C209-4C8C-9C54-5F8C9C7D93BF}"
EndProject
Project("{FAE04EC0-301F-11D3-BF4B-00C04F79EFBC}") = "FMS.BLL.User", "FMS.BLL.User\FMS.BLL.User.csproj", "{3F1EF845-F0F1-466F-B8E2-AF94BC17FE27}"
EndProject
Project("{FAE04EC0-301F-11D3-BF4B-00C04F79EFBC}") = "FMS.BLL.Test", "FMS.BLL.Test\FMS.BLL.Test.csproj", "{CA5D42FC-5164-412D-9453-3D46E01C5899}"
EndProject
Project("{FAE04EC0-301F-11D3-BF4B-00C04F79EFBC}") = "FMS.BLL.Role", "FMS.BLL.Role\FMS.BLL.Role.csproj", "{6FC3C1F1-91BC-4521-88F1-CE10399AC544}"
EndProject
Global
	GlobalSection(SolutionConfigurationPlatforms) = preSolution
		Debug|Any CPU = Debug|Any CPU
		Release|Any CPU = Release|Any CPU
	EndGlobalSection
	GlobalSection(ProjectConfigurationPlatforms) = postSolution
		{7CC14034-D745-4752-B466-9A3E16632FF7}.Debug|Any CPU.ActiveCfg = Debug|Any CPU
		{7CC14034-D745-4752-B466-9A3E16632FF7}.Debug|Any CPU.Build.0 = Debug|Any CPU
		{7CC14034-D745-4752-B466-9A3E16632FF7}.Release|Any CPU.ActiveCfg = Release|Any CPU
		{7CC14034-D745-4752-B466-9A3E16632FF7}.Release|Any CPU.Build.0 = Release|Any CPU
		{4D0F7C5A-558C-4689-B663-CCC0E9798C33}.Debug|Any CPU.ActiveCfg = Debug|Any CPU
		{4D0F7C5A-558C-4689-B663-CCC0E9798C33}.Debug|Any CPU.Build.0 = Debug|Any CPU
		{4D0F7C5A-558C-4689-B663-CCC0E9798C33}.Release|Any CPU.ActiveCfg = Release|Any CPU
		{4D0F7C5A-558C-4689-B663-CCC0E9798C33}.Release|Any CPU.Build.0 = Release|Any CPU
		{C939E89D-B5A2-4B80-8F9F-CCEF761E26D4}.Debug|Any CPU.ActiveCfg = Debug|Any CPU
		{C939E89D-B5A2-4B80-8F9F-CCEF761E26D4}.Debug|Any CPU.Build.0 = Debug|Any CPU
		{C939E89D-B5A2-4B80-8F9F-CCEF761E26D4}.Release|Any CPU.ActiveCfg = Release|Any CPU
		{C939E89D-B5A2-4B80-8F9F-CCEF761E26D4}.Release|Any CPU.Build.0 = Release|Any CPU
		{AF94BBA5-4257-4647-B77D-A7B54F2C4B7A}.Debug|Any CPU.ActiveCfg = Debug|Any CPU
		{AF94BBA5-4257-4647-B77D-A7B54F2C4B7A}.Debug|Any CPU.Build.0 = Debug|Any CPU
		{AF94BBA5-4257-4647-B77D-A7B54F2C4B7A}.Release|Any CPU.ActiveCfg = Release|Any CPU
		{AF94BBA5-4257-4647-B77D-A7B54F2C4B7A}.Release|Any CPU.Build.0 = Release|Any CPU
		{214B9099-0AF6-41EF-B03E-315D6561CA1E}.Debug|Any CPU.ActiveCfg = Debug|Any CPU
		{214B9099-0AF6-41EF-B03E-315D6561CA1E}.Debug|Any CPU.Build.0 = Debug|Any CPU
		{214B9099-0AF6-41EF-B03E-315D6561CA1E}.Release|Any CPU.ActiveCfg = Release|Any CPU
		{214B9099-0AF6-41EF-B03E-315D6561CA1E}.Release|Any CPU.Build.0 = Release|Any CPU
		{3F1EF845-F0F1-466F-B8E2-AF94BC17FE27}.Debug|Any CPU.ActiveCfg = Debug|Any CPU
		{3F1EF845-F0F1-466F-B8E2-AF94BC17FE27}.Debug|Any CPU.Build.0 = Debug|Any CPU
		{3F1EF845-F0F1-466F-B8E2-AF94BC17FE27}.Release|Any CPU.ActiveCfg = Release|Any CPU
		{3F1EF845-F0F1-466F-B8E2-AF94BC17FE27}.Release|Any CPU.Build.0 = Release|Any CPU
		{CA5D42FC-5164-412D-9453-3D46E01C5899}.Debug|Any CPU.ActiveCfg = Debug|Any CPU
		{CA5D42FC-5164-412D-9453-3D46E01C5899}.Debug|Any CPU.Build.0 = Debug|Any CPU
		{CA5D42FC-5164-412D-9453-3D46E01C5899}.Release|Any CPU.ActiveCfg = Release|Any CPU
		{CA5D42FC-5164-412D-9453-3D46E01C5899}.Release|Any CPU.Build.0 = Release|Any CPU
		{6FC3C1F1-91BC-4521-88F1-CE10399AC544}.Debug|Any CPU.ActiveCfg = Debug|Any CPU
		{6FC3C1F1-91BC-4521-88F1-CE10399AC544}.Debug|Any CPU.Build.0 = Debug|Any CPU
		{6FC3C1F1-91BC-4521-88F1-CE10399AC544}.Release|Any CPU.ActiveCfg = Release|Any CPU
		{6FC3C1F1-91BC-4521-88F1-CE10399AC544}.Release|Any CPU.Build.0 = Release|Any CPU
	EndGlobalSection
	GlobalSection(SolutionProperties) = preSolution
		HideSolutionNode = FALSE
	EndGlobalSection
	GlobalSection(NestedProjects) = preSolution
		{3F1EF845-F0F1-466F-B8E2-AF94BC17FE27} = {6C43255B-C209-4C8C-9C54-5F8C9C7D93BF}
		{6FC3C1F1-91BC-4521-88F1-CE10399AC544} = {6C43255B-C209-4C8C-9C54-5F8C9C7D93BF}
	EndGlobalSection
EndGlobal
