
Microsoft Visual Studio Solution File, Format Version 12.00
# Visual Studio 14
VisualStudioVersion = 14.0.25420.1
MinimumVisualStudioVersion = 10.0.40219.1
Project("{2150E333-8FDC-42A3-9474-1A3956D46DE8}") = "FMS.BLL", "FMS.BLL", "{6C43255B-C209-4C8C-9C54-5F8C9C7D93BF}"
EndProject
Project("{2150E333-8FDC-42A3-9474-1A3956D46DE8}") = ".nuget", ".nuget", "{A3444A9B-1EC7-4A55-A30B-204A2635B1D9}"
	ProjectSection(SolutionItems) = preProject
		.nuget\NuGet.Config = .nuget\NuGet.Config
		.nuget\NuGet.exe = .nuget\NuGet.exe
		.nuget\NuGet.targets = .nuget\NuGet.targets
	EndProjectSection
EndProject
Project("{FAE04EC0-301F-11D3-BF4B-00C04F79EFBC}") = "FMS.Website", "FMS.Website\FMS.Website.csproj", "{7CC14034-D745-4752-B466-9A3E16632FF7}"
EndProject
Project("{FAE04EC0-301F-11D3-BF4B-00C04F79EFBC}") = "FMS.Website.Tests", "FMS.Website.Tests\FMS.Website.Tests.csproj", "{4D0F7C5A-558C-4689-B663-CCC0E9798C33}"
EndProject
Project("{FAE04EC0-301F-11D3-BF4B-00C04F79EFBC}") = "FMS.DAL", "FMS.DAL\FMS.DAL.csproj", "{C939E89D-B5A2-4B80-8F9F-CCEF761E26D4}"
EndProject
Project("{FAE04EC0-301F-11D3-BF4B-00C04F79EFBC}") = "FMS.BusinessObject", "FMS.BusinessObject\FMS.BusinessObject.csproj", "{AF94BBA5-4257-4647-B77D-A7B54F2C4B7A}"
EndProject
Project("{FAE04EC0-301F-11D3-BF4B-00C04F79EFBC}") = "FMS.Contract", "FMS.Contract\FMS.Contract.csproj", "{214B9099-0AF6-41EF-B03E-315D6561CA1E}"
EndProject
Project("{FAE04EC0-301F-11D3-BF4B-00C04F79EFBC}") = "FMS.BLL.Test", "FMS.BLL.Test\FMS.BLL.Test.csproj", "{CA5D42FC-5164-412D-9453-3D46E01C5899}"
EndProject
Project("{FAE04EC0-301F-11D3-BF4B-00C04F79EFBC}") = "FMS.BLL.Role", "FMS.BLL\FMS.BLL.Role\FMS.BLL.Role.csproj", "{6FC3C1F1-91BC-4521-88F1-CE10399AC544}"
EndProject
Project("{FAE04EC0-301F-11D3-BF4B-00C04F79EFBC}") = "FMS.BLL.User", "FMS.BLL\FMS.BLL.User\FMS.BLL.User.csproj", "{3F1EF845-F0F1-466F-B8E2-AF94BC17FE27}"
EndProject
Project("{FAE04EC0-301F-11D3-BF4B-00C04F79EFBC}") = "FMS.BLL.Employee", "FMS.BLL\FMS.BLL.Employee\FMS.BLL.Employee.csproj", "{7A9620EA-B4C6-4364-93ED-EF0CC650AB92}"
EndProject
Project("{FAE04EC0-301F-11D3-BF4B-00C04F79EFBC}") = "FMS.Core", "FMS.Core\FMS.Core.csproj", "{82770928-AA10-4045-94E3-7EB728C3ABE1}"
EndProject
Project("{FAE04EC0-301F-11D3-BF4B-00C04F79EFBC}") = "FMS.Utils", "FMS.Utils\FMS.Utils.csproj", "{2524C7A7-C65A-4ECE-9033-6CB6D60C11C9}"
EndProject
Project("{FAE04EC0-301F-11D3-BF4B-00C04F79EFBC}") = "FMS.BLL.ComplaintCategory", "FMS.BLL\FMS.BLL.ComplaintCategory\FMS.BLL.ComplaintCategory.csproj", "{5E259259-C6EE-481A-9018-87BAFA6813C1}"
EndProject
Project("{FAE04EC0-301F-11D3-BF4B-00C04F79EFBC}") = "FMS.AutoMapperExtensions", "FMS.AutoMapperExtensions\FMS.AutoMapperExtensions.csproj", "{1F511AC3-8883-44A0-9D2B-BCD6EC9622A6}"
EndProject
Project("{FAE04EC0-301F-11D3-BF4B-00C04F79EFBC}") = "FMS.BLL.Page", "FMS.BLL\FMS.BLL.Page\FMS.BLL.Page.csproj", "{36BBC8C4-EFF0-4B4F-AD00-EB6A9C2E819C}"
EndProject
Project("{FAE04EC0-301F-11D3-BF4B-00C04F79EFBC}") = "FMS.BLL.Mapper", "FMS.BLL\FMS.BLL.Mapper\FMS.BLL.Mapper.csproj", "{9086B016-3EA1-4841-AE7E-2CD1125D46CB}"
EndProject
Project("{FAE04EC0-301F-11D3-BF4B-00C04F79EFBC}") = "FMS.BLL.Vendor", "FMS.BLL\FMS.BLL.Vendor\FMS.BLL.Vendor.csproj", "{7E34DCD2-17EC-40EA-9F89-C3ED0C2D1F23}"
EndProject
Project("{FAE04EC0-301F-11D3-BF4B-00C04F79EFBC}") = "FMS.BLL.Fleet", "FMS.BLL\FMS.BLL.Fleet\FMS.BLL.Fleet.csproj", "{C70C32EE-D111-435E-8069-6DA0E51D067E}"
EndProject
Project("{FAE04EC0-301F-11D3-BF4B-00C04F79EFBC}") = "FMS.BLL.Remark", "FMS.BLL\FMS.BLL.Remark\FMS.BLL.Remark.csproj", "{7743A064-04F2-4035-BA35-D7B36E7294D0}"
EndProject
Project("{FAE04EC0-301F-11D3-BF4B-00C04F79EFBC}") = "FMS.BLL.Penalty", "FMS.BLL.Penalty\FMS.BLL.Penalty.csproj", "{6B222984-208E-4004-A8B9-4502E771E006}"
EndProject
Project("{FAE04EC0-301F-11D3-BF4B-00C04F79EFBC}") = "FMS.BLL.PriceList", "FMS.BLL\FMS.BLL.PriceList\PriceListBLL\FMS.BLL.PriceList.csproj", "{72AD1EE2-70AF-4FC2-B4B5-5F30E16D8994}"
EndProject
Project("{FAE04EC0-301F-11D3-BF4B-00C04F79EFBC}") = "FMS.BLL.DocumentType", "FMS.BLL\FMS.BLL.DocumentType\FMS.BLL.DocumentType.csproj", "{AD6ACC99-7577-4929-950E-A2E5F1B76B12}"
EndProject
Project("{FAE04EC0-301F-11D3-BF4B-00C04F79EFBC}") = "FMS.BLL.Reason", "FMS.BLL\FMS.BLL.Reason\FMS.BLL.Reason.csproj", "{997DD163-0C11-4F83-81E1-BBDDD7CDAB5A}"
EndProject
Project("{FAE04EC0-301F-11D3-BF4B-00C04F79EFBC}") = "FMS.BLL.Setting", "FMS.BLL\FMS.BLL.Setting\FMS.BLL.Setting.csproj", "{C3F4C30B-407D-4BDC-AE2D-5C6FF43B5143}"
EndProject
Project("{FAE04EC0-301F-11D3-BF4B-00C04F79EFBC}") = "FMS.BLL.LocationMapping", "FMS.BLL\FMS.BLL.LocationMapping\FMS.BLL.LocationMapping.csproj", "{1F550AF5-601A-4E97-9147-2A230888195B}"
EndProject
Project("{FAE04EC0-301F-11D3-BF4B-00C04F79EFBC}") = "FMS.BLL.VehicleSpect", "FMS.BLL\FMS.BLL.VehicleSpect\FMS.BLL.VehicleSpect.csproj", "{858D7581-83D1-40FB-AB55-7EDBF87EE7F6}"
EndProject
Project("{FAE04EC0-301F-11D3-BF4B-00C04F79EFBC}") = "FMS.BLL.EPAF", "FMS.BLL\FMS.BLL.EPAF\FMS.BLL.EPAF.csproj", "{F6F982C7-C243-4F5D-A856-CD807F958033}"
EndProject
Project("{FAE04EC0-301F-11D3-BF4B-00C04F79EFBC}") = "FMS.BLL.GroupCostCenter", "FMS.BLL\FMS.BLL.GroupCostCenter\FMS.BLL.GroupCostCenter.csproj", "{20A780AE-7519-45BE-8B05-8EE5052A35E8}"
EndProject
Project("{FAE04EC0-301F-11D3-BF4B-00C04F79EFBC}") = "FMS.BLL.HolidayCalender", "FMS.BLL\FMS.BLL.HolidayCalender\FMS.BLL.HolidayCalender.csproj", "{201B02B9-4963-4E15-843C-B558BE342428}"
EndProject
Project("{FAE04EC0-301F-11D3-BF4B-00C04F79EFBC}") = "FMS.BLL.PenaltyLogic", "FMS.BLL\FMS.BLL.PenaltyLogic\FMS.BLL.PenaltyLogic.csproj", "{45ED52D1-949A-4412-A06F-329F9D2CE7B9}"
EndProject
Project("{FAE04EC0-301F-11D3-BF4B-00C04F79EFBC}") = "FMS.BLL.FuelOdometer", "FMS.BLL\FMS.BLL.FuelOdometer\FMS.BLL.FuelOdometer.csproj", "{22DA024E-CC86-4213-BE2D-A755C2C17AFC}"
EndProject
Project("{FAE04EC0-301F-11D3-BF4B-00C04F79EFBC}") = "FMS.BLL.Delegation", "FMS.BLL\FMS.BLL.Delegation\FMS.BLL.Delegation.csproj", "{A267DE0D-451B-440D-A23C-828D3D92EB93}"
EndProject
Project("{FAE04EC0-301F-11D3-BF4B-00C04F79EFBC}") = "FMS.BLL.SalesVolume", "FMS.BLL\FMS.BLL.SalesVolume\FMS.BLL.SalesVolume.csproj", "{9A24FCEE-6359-49DE-B2DC-9A6CEE2E07BF}"
EndProject
Global
	GlobalSection(SolutionConfigurationPlatforms) = preSolution
		Debug|Any CPU = Debug|Any CPU
		Release|Any CPU = Release|Any CPU
	EndGlobalSection
	GlobalSection(ProjectConfigurationPlatforms) = postSolution
		{7CC14034-D745-4752-B466-9A3E16632FF7}.Debug|Any CPU.ActiveCfg = Debug|Any CPU
		{7CC14034-D745-4752-B466-9A3E16632FF7}.Debug|Any CPU.Build.0 = Debug|Any CPU
		{7CC14034-D745-4752-B466-9A3E16632FF7}.Release|Any CPU.ActiveCfg = Release|Any CPU
		{7CC14034-D745-4752-B466-9A3E16632FF7}.Release|Any CPU.Build.0 = Release|Any CPU
		{4D0F7C5A-558C-4689-B663-CCC0E9798C33}.Debug|Any CPU.ActiveCfg = Debug|Any CPU
		{4D0F7C5A-558C-4689-B663-CCC0E9798C33}.Debug|Any CPU.Build.0 = Debug|Any CPU
		{4D0F7C5A-558C-4689-B663-CCC0E9798C33}.Release|Any CPU.ActiveCfg = Release|Any CPU
		{4D0F7C5A-558C-4689-B663-CCC0E9798C33}.Release|Any CPU.Build.0 = Release|Any CPU
		{C939E89D-B5A2-4B80-8F9F-CCEF761E26D4}.Debug|Any CPU.ActiveCfg = Debug|Any CPU
		{C939E89D-B5A2-4B80-8F9F-CCEF761E26D4}.Debug|Any CPU.Build.0 = Debug|Any CPU
		{C939E89D-B5A2-4B80-8F9F-CCEF761E26D4}.Release|Any CPU.ActiveCfg = Release|Any CPU
		{C939E89D-B5A2-4B80-8F9F-CCEF761E26D4}.Release|Any CPU.Build.0 = Release|Any CPU
		{AF94BBA5-4257-4647-B77D-A7B54F2C4B7A}.Debug|Any CPU.ActiveCfg = Debug|Any CPU
		{AF94BBA5-4257-4647-B77D-A7B54F2C4B7A}.Debug|Any CPU.Build.0 = Debug|Any CPU
		{AF94BBA5-4257-4647-B77D-A7B54F2C4B7A}.Release|Any CPU.ActiveCfg = Release|Any CPU
		{AF94BBA5-4257-4647-B77D-A7B54F2C4B7A}.Release|Any CPU.Build.0 = Release|Any CPU
		{214B9099-0AF6-41EF-B03E-315D6561CA1E}.Debug|Any CPU.ActiveCfg = Debug|Any CPU
		{214B9099-0AF6-41EF-B03E-315D6561CA1E}.Debug|Any CPU.Build.0 = Debug|Any CPU
		{214B9099-0AF6-41EF-B03E-315D6561CA1E}.Release|Any CPU.ActiveCfg = Release|Any CPU
		{214B9099-0AF6-41EF-B03E-315D6561CA1E}.Release|Any CPU.Build.0 = Release|Any CPU
		{CA5D42FC-5164-412D-9453-3D46E01C5899}.Debug|Any CPU.ActiveCfg = Debug|Any CPU
		{CA5D42FC-5164-412D-9453-3D46E01C5899}.Debug|Any CPU.Build.0 = Debug|Any CPU
		{CA5D42FC-5164-412D-9453-3D46E01C5899}.Release|Any CPU.ActiveCfg = Release|Any CPU
		{CA5D42FC-5164-412D-9453-3D46E01C5899}.Release|Any CPU.Build.0 = Release|Any CPU
		{6FC3C1F1-91BC-4521-88F1-CE10399AC544}.Debug|Any CPU.ActiveCfg = Debug|Any CPU
		{6FC3C1F1-91BC-4521-88F1-CE10399AC544}.Debug|Any CPU.Build.0 = Debug|Any CPU
		{6FC3C1F1-91BC-4521-88F1-CE10399AC544}.Release|Any CPU.ActiveCfg = Release|Any CPU
		{6FC3C1F1-91BC-4521-88F1-CE10399AC544}.Release|Any CPU.Build.0 = Release|Any CPU
		{3F1EF845-F0F1-466F-B8E2-AF94BC17FE27}.Debug|Any CPU.ActiveCfg = Debug|Any CPU
		{3F1EF845-F0F1-466F-B8E2-AF94BC17FE27}.Debug|Any CPU.Build.0 = Debug|Any CPU
		{3F1EF845-F0F1-466F-B8E2-AF94BC17FE27}.Release|Any CPU.ActiveCfg = Release|Any CPU
		{3F1EF845-F0F1-466F-B8E2-AF94BC17FE27}.Release|Any CPU.Build.0 = Release|Any CPU
		{7A9620EA-B4C6-4364-93ED-EF0CC650AB92}.Debug|Any CPU.ActiveCfg = Debug|Any CPU
		{7A9620EA-B4C6-4364-93ED-EF0CC650AB92}.Debug|Any CPU.Build.0 = Debug|Any CPU
		{7A9620EA-B4C6-4364-93ED-EF0CC650AB92}.Release|Any CPU.ActiveCfg = Release|Any CPU
		{7A9620EA-B4C6-4364-93ED-EF0CC650AB92}.Release|Any CPU.Build.0 = Release|Any CPU
		{82770928-AA10-4045-94E3-7EB728C3ABE1}.Debug|Any CPU.ActiveCfg = Debug|Any CPU
		{82770928-AA10-4045-94E3-7EB728C3ABE1}.Debug|Any CPU.Build.0 = Debug|Any CPU
		{82770928-AA10-4045-94E3-7EB728C3ABE1}.Release|Any CPU.ActiveCfg = Release|Any CPU
		{82770928-AA10-4045-94E3-7EB728C3ABE1}.Release|Any CPU.Build.0 = Release|Any CPU
		{2524C7A7-C65A-4ECE-9033-6CB6D60C11C9}.Debug|Any CPU.ActiveCfg = Debug|Any CPU
		{2524C7A7-C65A-4ECE-9033-6CB6D60C11C9}.Debug|Any CPU.Build.0 = Debug|Any CPU
		{2524C7A7-C65A-4ECE-9033-6CB6D60C11C9}.Release|Any CPU.ActiveCfg = Release|Any CPU
		{2524C7A7-C65A-4ECE-9033-6CB6D60C11C9}.Release|Any CPU.Build.0 = Release|Any CPU
		{5E259259-C6EE-481A-9018-87BAFA6813C1}.Debug|Any CPU.ActiveCfg = Debug|Any CPU
		{5E259259-C6EE-481A-9018-87BAFA6813C1}.Debug|Any CPU.Build.0 = Debug|Any CPU
		{5E259259-C6EE-481A-9018-87BAFA6813C1}.Release|Any CPU.ActiveCfg = Release|Any CPU
		{5E259259-C6EE-481A-9018-87BAFA6813C1}.Release|Any CPU.Build.0 = Release|Any CPU
		{1F511AC3-8883-44A0-9D2B-BCD6EC9622A6}.Debug|Any CPU.ActiveCfg = Debug|Any CPU
		{1F511AC3-8883-44A0-9D2B-BCD6EC9622A6}.Debug|Any CPU.Build.0 = Debug|Any CPU
		{1F511AC3-8883-44A0-9D2B-BCD6EC9622A6}.Release|Any CPU.ActiveCfg = Release|Any CPU
		{1F511AC3-8883-44A0-9D2B-BCD6EC9622A6}.Release|Any CPU.Build.0 = Release|Any CPU
		{36BBC8C4-EFF0-4B4F-AD00-EB6A9C2E819C}.Debug|Any CPU.ActiveCfg = Debug|Any CPU
		{36BBC8C4-EFF0-4B4F-AD00-EB6A9C2E819C}.Debug|Any CPU.Build.0 = Debug|Any CPU
		{36BBC8C4-EFF0-4B4F-AD00-EB6A9C2E819C}.Release|Any CPU.ActiveCfg = Release|Any CPU
		{36BBC8C4-EFF0-4B4F-AD00-EB6A9C2E819C}.Release|Any CPU.Build.0 = Release|Any CPU
		{9086B016-3EA1-4841-AE7E-2CD1125D46CB}.Debug|Any CPU.ActiveCfg = Debug|Any CPU
		{9086B016-3EA1-4841-AE7E-2CD1125D46CB}.Debug|Any CPU.Build.0 = Debug|Any CPU
		{9086B016-3EA1-4841-AE7E-2CD1125D46CB}.Release|Any CPU.ActiveCfg = Release|Any CPU
		{9086B016-3EA1-4841-AE7E-2CD1125D46CB}.Release|Any CPU.Build.0 = Release|Any CPU
		{7E34DCD2-17EC-40EA-9F89-C3ED0C2D1F23}.Debug|Any CPU.ActiveCfg = Debug|Any CPU
		{7E34DCD2-17EC-40EA-9F89-C3ED0C2D1F23}.Debug|Any CPU.Build.0 = Debug|Any CPU
		{7E34DCD2-17EC-40EA-9F89-C3ED0C2D1F23}.Release|Any CPU.ActiveCfg = Release|Any CPU
		{7E34DCD2-17EC-40EA-9F89-C3ED0C2D1F23}.Release|Any CPU.Build.0 = Release|Any CPU
		{C70C32EE-D111-435E-8069-6DA0E51D067E}.Debug|Any CPU.ActiveCfg = Debug|Any CPU
		{C70C32EE-D111-435E-8069-6DA0E51D067E}.Debug|Any CPU.Build.0 = Debug|Any CPU
		{C70C32EE-D111-435E-8069-6DA0E51D067E}.Release|Any CPU.ActiveCfg = Release|Any CPU
		{C70C32EE-D111-435E-8069-6DA0E51D067E}.Release|Any CPU.Build.0 = Release|Any CPU
		{7743A064-04F2-4035-BA35-D7B36E7294D0}.Debug|Any CPU.ActiveCfg = Debug|Any CPU
		{7743A064-04F2-4035-BA35-D7B36E7294D0}.Debug|Any CPU.Build.0 = Debug|Any CPU
		{7743A064-04F2-4035-BA35-D7B36E7294D0}.Release|Any CPU.ActiveCfg = Release|Any CPU
		{7743A064-04F2-4035-BA35-D7B36E7294D0}.Release|Any CPU.Build.0 = Release|Any CPU
		{6B222984-208E-4004-A8B9-4502E771E006}.Debug|Any CPU.ActiveCfg = Debug|Any CPU
		{6B222984-208E-4004-A8B9-4502E771E006}.Debug|Any CPU.Build.0 = Debug|Any CPU
		{6B222984-208E-4004-A8B9-4502E771E006}.Release|Any CPU.ActiveCfg = Release|Any CPU
		{6B222984-208E-4004-A8B9-4502E771E006}.Release|Any CPU.Build.0 = Release|Any CPU
		{72AD1EE2-70AF-4FC2-B4B5-5F30E16D8994}.Debug|Any CPU.ActiveCfg = Debug|Any CPU
		{72AD1EE2-70AF-4FC2-B4B5-5F30E16D8994}.Debug|Any CPU.Build.0 = Debug|Any CPU
		{72AD1EE2-70AF-4FC2-B4B5-5F30E16D8994}.Release|Any CPU.ActiveCfg = Release|Any CPU
		{72AD1EE2-70AF-4FC2-B4B5-5F30E16D8994}.Release|Any CPU.Build.0 = Release|Any CPU
		{AD6ACC99-7577-4929-950E-A2E5F1B76B12}.Debug|Any CPU.ActiveCfg = Debug|Any CPU
		{AD6ACC99-7577-4929-950E-A2E5F1B76B12}.Debug|Any CPU.Build.0 = Debug|Any CPU
		{AD6ACC99-7577-4929-950E-A2E5F1B76B12}.Release|Any CPU.ActiveCfg = Release|Any CPU
		{AD6ACC99-7577-4929-950E-A2E5F1B76B12}.Release|Any CPU.Build.0 = Release|Any CPU
		{997DD163-0C11-4F83-81E1-BBDDD7CDAB5A}.Debug|Any CPU.ActiveCfg = Debug|Any CPU
		{997DD163-0C11-4F83-81E1-BBDDD7CDAB5A}.Debug|Any CPU.Build.0 = Debug|Any CPU
		{997DD163-0C11-4F83-81E1-BBDDD7CDAB5A}.Release|Any CPU.ActiveCfg = Release|Any CPU
		{997DD163-0C11-4F83-81E1-BBDDD7CDAB5A}.Release|Any CPU.Build.0 = Release|Any CPU
		{C3F4C30B-407D-4BDC-AE2D-5C6FF43B5143}.Debug|Any CPU.ActiveCfg = Debug|Any CPU
		{C3F4C30B-407D-4BDC-AE2D-5C6FF43B5143}.Debug|Any CPU.Build.0 = Debug|Any CPU
		{C3F4C30B-407D-4BDC-AE2D-5C6FF43B5143}.Release|Any CPU.ActiveCfg = Release|Any CPU
		{C3F4C30B-407D-4BDC-AE2D-5C6FF43B5143}.Release|Any CPU.Build.0 = Release|Any CPU
		{1F550AF5-601A-4E97-9147-2A230888195B}.Debug|Any CPU.ActiveCfg = Debug|Any CPU
		{1F550AF5-601A-4E97-9147-2A230888195B}.Debug|Any CPU.Build.0 = Debug|Any CPU
		{1F550AF5-601A-4E97-9147-2A230888195B}.Release|Any CPU.ActiveCfg = Release|Any CPU
		{1F550AF5-601A-4E97-9147-2A230888195B}.Release|Any CPU.Build.0 = Release|Any CPU
		{858D7581-83D1-40FB-AB55-7EDBF87EE7F6}.Debug|Any CPU.ActiveCfg = Debug|Any CPU
		{858D7581-83D1-40FB-AB55-7EDBF87EE7F6}.Debug|Any CPU.Build.0 = Debug|Any CPU
		{858D7581-83D1-40FB-AB55-7EDBF87EE7F6}.Release|Any CPU.ActiveCfg = Release|Any CPU
		{858D7581-83D1-40FB-AB55-7EDBF87EE7F6}.Release|Any CPU.Build.0 = Release|Any CPU
		{F6F982C7-C243-4F5D-A856-CD807F958033}.Debug|Any CPU.ActiveCfg = Debug|Any CPU
		{F6F982C7-C243-4F5D-A856-CD807F958033}.Debug|Any CPU.Build.0 = Debug|Any CPU
		{F6F982C7-C243-4F5D-A856-CD807F958033}.Release|Any CPU.ActiveCfg = Release|Any CPU
		{F6F982C7-C243-4F5D-A856-CD807F958033}.Release|Any CPU.Build.0 = Release|Any CPU
		{20A780AE-7519-45BE-8B05-8EE5052A35E8}.Debug|Any CPU.ActiveCfg = Debug|Any CPU
		{20A780AE-7519-45BE-8B05-8EE5052A35E8}.Debug|Any CPU.Build.0 = Debug|Any CPU
		{20A780AE-7519-45BE-8B05-8EE5052A35E8}.Release|Any CPU.ActiveCfg = Release|Any CPU
		{20A780AE-7519-45BE-8B05-8EE5052A35E8}.Release|Any CPU.Build.0 = Release|Any CPU
		{201B02B9-4963-4E15-843C-B558BE342428}.Debug|Any CPU.ActiveCfg = Debug|Any CPU
		{201B02B9-4963-4E15-843C-B558BE342428}.Debug|Any CPU.Build.0 = Debug|Any CPU
		{201B02B9-4963-4E15-843C-B558BE342428}.Release|Any CPU.ActiveCfg = Release|Any CPU
		{201B02B9-4963-4E15-843C-B558BE342428}.Release|Any CPU.Build.0 = Release|Any CPU
		{45ED52D1-949A-4412-A06F-329F9D2CE7B9}.Debug|Any CPU.ActiveCfg = Debug|Any CPU
		{45ED52D1-949A-4412-A06F-329F9D2CE7B9}.Debug|Any CPU.Build.0 = Debug|Any CPU
		{45ED52D1-949A-4412-A06F-329F9D2CE7B9}.Release|Any CPU.ActiveCfg = Release|Any CPU
		{45ED52D1-949A-4412-A06F-329F9D2CE7B9}.Release|Any CPU.Build.0 = Release|Any CPU
		{22DA024E-CC86-4213-BE2D-A755C2C17AFC}.Debug|Any CPU.ActiveCfg = Debug|Any CPU
		{22DA024E-CC86-4213-BE2D-A755C2C17AFC}.Debug|Any CPU.Build.0 = Debug|Any CPU
		{22DA024E-CC86-4213-BE2D-A755C2C17AFC}.Release|Any CPU.ActiveCfg = Release|Any CPU
		{22DA024E-CC86-4213-BE2D-A755C2C17AFC}.Release|Any CPU.Build.0 = Release|Any CPU
		{A267DE0D-451B-440D-A23C-828D3D92EB93}.Debug|Any CPU.ActiveCfg = Debug|Any CPU
		{A267DE0D-451B-440D-A23C-828D3D92EB93}.Debug|Any CPU.Build.0 = Debug|Any CPU
		{A267DE0D-451B-440D-A23C-828D3D92EB93}.Release|Any CPU.ActiveCfg = Release|Any CPU
		{A267DE0D-451B-440D-A23C-828D3D92EB93}.Release|Any CPU.Build.0 = Release|Any CPU
		{9A24FCEE-6359-49DE-B2DC-9A6CEE2E07BF}.Debug|Any CPU.ActiveCfg = Debug|Any CPU
		{9A24FCEE-6359-49DE-B2DC-9A6CEE2E07BF}.Debug|Any CPU.Build.0 = Debug|Any CPU
		{9A24FCEE-6359-49DE-B2DC-9A6CEE2E07BF}.Release|Any CPU.ActiveCfg = Release|Any CPU
		{9A24FCEE-6359-49DE-B2DC-9A6CEE2E07BF}.Release|Any CPU.Build.0 = Release|Any CPU
	EndGlobalSection
	GlobalSection(SolutionProperties) = preSolution
		HideSolutionNode = FALSE
	EndGlobalSection
	GlobalSection(NestedProjects) = preSolution
		{6FC3C1F1-91BC-4521-88F1-CE10399AC544} = {6C43255B-C209-4C8C-9C54-5F8C9C7D93BF}
		{3F1EF845-F0F1-466F-B8E2-AF94BC17FE27} = {6C43255B-C209-4C8C-9C54-5F8C9C7D93BF}
		{7A9620EA-B4C6-4364-93ED-EF0CC650AB92} = {6C43255B-C209-4C8C-9C54-5F8C9C7D93BF}
		{5E259259-C6EE-481A-9018-87BAFA6813C1} = {6C43255B-C209-4C8C-9C54-5F8C9C7D93BF}
		{36BBC8C4-EFF0-4B4F-AD00-EB6A9C2E819C} = {6C43255B-C209-4C8C-9C54-5F8C9C7D93BF}
		{9086B016-3EA1-4841-AE7E-2CD1125D46CB} = {6C43255B-C209-4C8C-9C54-5F8C9C7D93BF}
		{7E34DCD2-17EC-40EA-9F89-C3ED0C2D1F23} = {6C43255B-C209-4C8C-9C54-5F8C9C7D93BF}
		{C70C32EE-D111-435E-8069-6DA0E51D067E} = {6C43255B-C209-4C8C-9C54-5F8C9C7D93BF}
		{7743A064-04F2-4035-BA35-D7B36E7294D0} = {6C43255B-C209-4C8C-9C54-5F8C9C7D93BF}
		{6B222984-208E-4004-A8B9-4502E771E006} = {6C43255B-C209-4C8C-9C54-5F8C9C7D93BF}
		{72AD1EE2-70AF-4FC2-B4B5-5F30E16D8994} = {6C43255B-C209-4C8C-9C54-5F8C9C7D93BF}
		{AD6ACC99-7577-4929-950E-A2E5F1B76B12} = {6C43255B-C209-4C8C-9C54-5F8C9C7D93BF}
		{997DD163-0C11-4F83-81E1-BBDDD7CDAB5A} = {6C43255B-C209-4C8C-9C54-5F8C9C7D93BF}
		{C3F4C30B-407D-4BDC-AE2D-5C6FF43B5143} = {6C43255B-C209-4C8C-9C54-5F8C9C7D93BF}
		{1F550AF5-601A-4E97-9147-2A230888195B} = {6C43255B-C209-4C8C-9C54-5F8C9C7D93BF}
		{858D7581-83D1-40FB-AB55-7EDBF87EE7F6} = {6C43255B-C209-4C8C-9C54-5F8C9C7D93BF}
		{F6F982C7-C243-4F5D-A856-CD807F958033} = {6C43255B-C209-4C8C-9C54-5F8C9C7D93BF}
		{20A780AE-7519-45BE-8B05-8EE5052A35E8} = {6C43255B-C209-4C8C-9C54-5F8C9C7D93BF}
		{201B02B9-4963-4E15-843C-B558BE342428} = {6C43255B-C209-4C8C-9C54-5F8C9C7D93BF}
		{45ED52D1-949A-4412-A06F-329F9D2CE7B9} = {6C43255B-C209-4C8C-9C54-5F8C9C7D93BF}
		{22DA024E-CC86-4213-BE2D-A755C2C17AFC} = {6C43255B-C209-4C8C-9C54-5F8C9C7D93BF}
		{A267DE0D-451B-440D-A23C-828D3D92EB93} = {6C43255B-C209-4C8C-9C54-5F8C9C7D93BF}
		{9A24FCEE-6359-49DE-B2DC-9A6CEE2E07BF} = {6C43255B-C209-4C8C-9C54-5F8C9C7D93BF}
	EndGlobalSection
EndGlobal
